// !$*UTF8*$!
{
	archiveVersion = 1;
	classes = {
	};
	objectVersion = 46;
	objects = {

/* Begin PBXBuildFile section */
		1790D26F18A6DAC000D084E4 /* FLCreateFuelViewController.m in Sources */ = {isa = PBXBuildFile; fileRef = 1790D26E18A6DAC000D084E4 /* FLCreateFuelViewController.m */; };
		1790D27118A6E01700D084E4 /* MediaPlayer.framework in Frameworks */ = {isa = PBXBuildFile; fileRef = 1790D27018A6E01700D084E4 /* MediaPlayer.framework */; };
		1790D27318A6E01B00D084E4 /* AssetsLibrary.framework in Frameworks */ = {isa = PBXBuildFile; fileRef = 1790D27218A6E01B00D084E4 /* AssetsLibrary.framework */; };
		1790D27518A6E02800D084E4 /* MobileCoreServices.framework in Frameworks */ = {isa = PBXBuildFile; fileRef = 1790D27418A6E02800D084E4 /* MobileCoreServices.framework */; };
		1790D27B18A7129200D084E4 /* FLMotivatorVideo.m in Sources */ = {isa = PBXBuildFile; fileRef = 1790D27A18A7129200D084E4 /* FLMotivatorVideo.m */; };
		1790D27E18A7129200D084E4 /* FLMotivator.m in Sources */ = {isa = PBXBuildFile; fileRef = 1790D27D18A7129200D084E4 /* FLMotivator.m */; };
		1790D28118A7129300D084E4 /* FLChallengeUpdate.m in Sources */ = {isa = PBXBuildFile; fileRef = 1790D28018A7129300D084E4 /* FLChallengeUpdate.m */; };
		1790D28418A7129300D084E4 /* FLMotivatorImage.m in Sources */ = {isa = PBXBuildFile; fileRef = 1790D28318A7129300D084E4 /* FLMotivatorImage.m */; };
		1790D28718A7129300D084E4 /* FLMotivatorText.m in Sources */ = {isa = PBXBuildFile; fileRef = 1790D28618A7129300D084E4 /* FLMotivatorText.m */; };
		1790D28A18A7129300D084E4 /* FLChallenge.m in Sources */ = {isa = PBXBuildFile; fileRef = 1790D28918A7129300D084E4 /* FLChallenge.m */; };
		9D2DB90A18A7135B0097917F /* FLDetailChallengeViewController.m in Sources */ = {isa = PBXBuildFile; fileRef = 9D2DB90918A7135B0097917F /* FLDetailChallengeViewController.m */; };
		9D4FACB818A6B9BF00A49636 /* MainModel.xcdatamodeld in Sources */ = {isa = PBXBuildFile; fileRef = 9D4FACB618A6B9BF00A49636 /* MainModel.xcdatamodeld */; };
		9D4FACCD18A6CBC300A49636 /* FLGenericViewController.m in Sources */ = {isa = PBXBuildFile; fileRef = 9D4FACCC18A6CBC300A49636 /* FLGenericViewController.m */; };
		9D4FACCF18A6CBF600A49636 /* CoreData.framework in Frameworks */ = {isa = PBXBuildFile; fileRef = 9D4FACCE18A6CBF600A49636 /* CoreData.framework */; };
		9D4FACD118A6D0F500A49636 /* Avenir Next.ttc in Resources */ = {isa = PBXBuildFile; fileRef = 9D4FACD018A6D0F500A49636 /* Avenir Next.ttc */; };
		9D4FACD518A6E8C600A49636 /* FLGlobalHelper.m in Sources */ = {isa = PBXBuildFile; fileRef = 9D4FACD418A6E8C600A49636 /* FLGlobalHelper.m */; };
		9D4FACDC18A6F5B000A49636 /* FLChallengeCell.m in Sources */ = {isa = PBXBuildFile; fileRef = 9D4FACDB18A6F5B000A49636 /* FLChallengeCell.m */; };
		9D4FACDF18A6F67400A49636 /* FLDataModelCategory.m in Sources */ = {isa = PBXBuildFile; fileRef = 9D4FACDE18A6F67400A49636 /* FLDataModelCategory.m */; };
		9DBD922918A700F30050F56A /* FLNewChallengeViewController.m in Sources */ = {isa = PBXBuildFile; fileRef = 9DBD922818A700F30050F56A /* FLNewChallengeViewController.m */; };
		9DBD922B18A7010E0050F56A /* FLNewChallengeView.xib in Resources */ = {isa = PBXBuildFile; fileRef = 9DBD922A18A7010E0050F56A /* FLNewChallengeView.xib */; };
		9DFECF0118A5DDFC00BD49DC /* Foundation.framework in Frameworks */ = {isa = PBXBuildFile; fileRef = 9DFECF0018A5DDFC00BD49DC /* Foundation.framework */; };
		9DFECF0318A5DDFC00BD49DC /* CoreGraphics.framework in Frameworks */ = {isa = PBXBuildFile; fileRef = 9DFECF0218A5DDFC00BD49DC /* CoreGraphics.framework */; };
		9DFECF0518A5DDFC00BD49DC /* UIKit.framework in Frameworks */ = {isa = PBXBuildFile; fileRef = 9DFECF0418A5DDFC00BD49DC /* UIKit.framework */; };
		9DFECF0B18A5DDFC00BD49DC /* InfoPlist.strings in Resources */ = {isa = PBXBuildFile; fileRef = 9DFECF0918A5DDFC00BD49DC /* InfoPlist.strings */; };
		9DFECF0D18A5DDFC00BD49DC /* main.m in Sources */ = {isa = PBXBuildFile; fileRef = 9DFECF0C18A5DDFC00BD49DC /* main.m */; };
		9DFECF1118A5DDFC00BD49DC /* FLAppDelegate.m in Sources */ = {isa = PBXBuildFile; fileRef = 9DFECF1018A5DDFC00BD49DC /* FLAppDelegate.m */; };
		9DFECF1418A5DDFC00BD49DC /* Main.storyboard in Resources */ = {isa = PBXBuildFile; fileRef = 9DFECF1218A5DDFC00BD49DC /* Main.storyboard */; };
		9DFECF1718A5DDFC00BD49DC /* FLCurrentChallengeViewController.m in Sources */ = {isa = PBXBuildFile; fileRef = 9DFECF1618A5DDFC00BD49DC /* FLCurrentChallengeViewController.m */; };
		9DFECF1918A5DDFC00BD49DC /* Images.xcassets in Resources */ = {isa = PBXBuildFile; fileRef = 9DFECF1818A5DDFC00BD49DC /* Images.xcassets */; };
		9DFECF2018A5DDFC00BD49DC /* XCTest.framework in Frameworks */ = {isa = PBXBuildFile; fileRef = 9DFECF1F18A5DDFC00BD49DC /* XCTest.framework */; };
		9DFECF2118A5DDFC00BD49DC /* Foundation.framework in Frameworks */ = {isa = PBXBuildFile; fileRef = 9DFECF0018A5DDFC00BD49DC /* Foundation.framework */; };
		9DFECF2218A5DDFC00BD49DC /* UIKit.framework in Frameworks */ = {isa = PBXBuildFile; fileRef = 9DFECF0418A5DDFC00BD49DC /* UIKit.framework */; };
		9DFECF2A18A5DDFC00BD49DC /* InfoPlist.strings in Resources */ = {isa = PBXBuildFile; fileRef = 9DFECF2818A5DDFC00BD49DC /* InfoPlist.strings */; };
		9DFECF2C18A5DDFC00BD49DC /* FuelTests.m in Sources */ = {isa = PBXBuildFile; fileRef = 9DFECF2B18A5DDFC00BD49DC /* FuelTests.m */; };
		F70C36618BD341BBABA269C8 /* libPods.a in Frameworks */ = {isa = PBXBuildFile; fileRef = C52001D6FB044EA0851B45FF /* libPods.a */; };
/* End PBXBuildFile section */

/* Begin PBXContainerItemProxy section */
		9DFECF2318A5DDFC00BD49DC /* PBXContainerItemProxy */ = {
			isa = PBXContainerItemProxy;
			containerPortal = 9DFECEF518A5DDFC00BD49DC /* Project object */;
			proxyType = 1;
			remoteGlobalIDString = 9DFECEFC18A5DDFC00BD49DC;
			remoteInfo = Fuel;
		};
/* End PBXContainerItemProxy section */

/* Begin PBXFileReference section */
		1790D26D18A6DAC000D084E4 /* FLCreateFuelViewController.h */ = {isa = PBXFileReference; fileEncoding = 4; lastKnownFileType = sourcecode.c.h; path = FLCreateFuelViewController.h; sourceTree = "<group>"; };
		1790D26E18A6DAC000D084E4 /* FLCreateFuelViewController.m */ = {isa = PBXFileReference; fileEncoding = 4; lastKnownFileType = sourcecode.c.objc; path = FLCreateFuelViewController.m; sourceTree = "<group>"; };
		1790D27018A6E01700D084E4 /* MediaPlayer.framework */ = {isa = PBXFileReference; lastKnownFileType = wrapper.framework; name = MediaPlayer.framework; path = System/Library/Frameworks/MediaPlayer.framework; sourceTree = SDKROOT; };
		1790D27218A6E01B00D084E4 /* AssetsLibrary.framework */ = {isa = PBXFileReference; lastKnownFileType = wrapper.framework; name = AssetsLibrary.framework; path = System/Library/Frameworks/AssetsLibrary.framework; sourceTree = SDKROOT; };
		1790D27418A6E02800D084E4 /* MobileCoreServices.framework */ = {isa = PBXFileReference; lastKnownFileType = wrapper.framework; name = MobileCoreServices.framework; path = System/Library/Frameworks/MobileCoreServices.framework; sourceTree = SDKROOT; };
		1790D27918A7129200D084E4 /* FLMotivatorVideo.h */ = {isa = PBXFileReference; fileEncoding = 4; lastKnownFileType = sourcecode.c.h; path = FLMotivatorVideo.h; sourceTree = "<group>"; };
		1790D27A18A7129200D084E4 /* FLMotivatorVideo.m */ = {isa = PBXFileReference; fileEncoding = 4; lastKnownFileType = sourcecode.c.objc; path = FLMotivatorVideo.m; sourceTree = "<group>"; };
		1790D27C18A7129200D084E4 /* FLMotivator.h */ = {isa = PBXFileReference; fileEncoding = 4; lastKnownFileType = sourcecode.c.h; path = FLMotivator.h; sourceTree = "<group>"; };
		1790D27D18A7129200D084E4 /* FLMotivator.m */ = {isa = PBXFileReference; fileEncoding = 4; lastKnownFileType = sourcecode.c.objc; path = FLMotivator.m; sourceTree = "<group>"; };
		1790D27F18A7129300D084E4 /* FLChallengeUpdate.h */ = {isa = PBXFileReference; fileEncoding = 4; lastKnownFileType = sourcecode.c.h; path = FLChallengeUpdate.h; sourceTree = "<group>"; };
		1790D28018A7129300D084E4 /* FLChallengeUpdate.m */ = {isa = PBXFileReference; fileEncoding = 4; lastKnownFileType = sourcecode.c.objc; path = FLChallengeUpdate.m; sourceTree = "<group>"; };
		1790D28218A7129300D084E4 /* FLMotivatorImage.h */ = {isa = PBXFileReference; fileEncoding = 4; lastKnownFileType = sourcecode.c.h; path = FLMotivatorImage.h; sourceTree = "<group>"; };
		1790D28318A7129300D084E4 /* FLMotivatorImage.m */ = {isa = PBXFileReference; fileEncoding = 4; lastKnownFileType = sourcecode.c.objc; path = FLMotivatorImage.m; sourceTree = "<group>"; };
		1790D28518A7129300D084E4 /* FLMotivatorText.h */ = {isa = PBXFileReference; fileEncoding = 4; lastKnownFileType = sourcecode.c.h; path = FLMotivatorText.h; sourceTree = "<group>"; };
		1790D28618A7129300D084E4 /* FLMotivatorText.m */ = {isa = PBXFileReference; fileEncoding = 4; lastKnownFileType = sourcecode.c.objc; path = FLMotivatorText.m; sourceTree = "<group>"; };
		1790D28818A7129300D084E4 /* FLChallenge.h */ = {isa = PBXFileReference; fileEncoding = 4; lastKnownFileType = sourcecode.c.h; path = FLChallenge.h; sourceTree = "<group>"; };
		1790D28918A7129300D084E4 /* FLChallenge.m */ = {isa = PBXFileReference; fileEncoding = 4; lastKnownFileType = sourcecode.c.objc; path = FLChallenge.m; sourceTree = "<group>"; };
		60A683BC8AC34A84AEB55D57 /* Pods.xcconfig */ = {isa = PBXFileReference; includeInIndex = 1; lastKnownFileType = text.xcconfig; name = Pods.xcconfig; path = Pods/Pods.xcconfig; sourceTree = "<group>"; };
		9D2DB90818A7135B0097917F /* FLDetailChallengeViewController.h */ = {isa = PBXFileReference; fileEncoding = 4; lastKnownFileType = sourcecode.c.h; path = FLDetailChallengeViewController.h; sourceTree = "<group>"; };
		9D2DB90918A7135B0097917F /* FLDetailChallengeViewController.m */ = {isa = PBXFileReference; fileEncoding = 4; lastKnownFileType = sourcecode.c.objc; path = FLDetailChallengeViewController.m; sourceTree = "<group>"; };
		9D4FACB718A6B9BF00A49636 /* MainModel.xcdatamodel */ = {isa = PBXFileReference; lastKnownFileType = wrapper.xcdatamodel; path = MainModel.xcdatamodel; sourceTree = "<group>"; };
		9D4FACCB18A6CBC300A49636 /* FLGenericViewController.h */ = {isa = PBXFileReference; fileEncoding = 4; lastKnownFileType = sourcecode.c.h; path = FLGenericViewController.h; sourceTree = "<group>"; };
		9D4FACCC18A6CBC300A49636 /* FLGenericViewController.m */ = {isa = PBXFileReference; fileEncoding = 4; lastKnownFileType = sourcecode.c.objc; path = FLGenericViewController.m; sourceTree = "<group>"; };
		9D4FACCE18A6CBF600A49636 /* CoreData.framework */ = {isa = PBXFileReference; lastKnownFileType = wrapper.framework; name = CoreData.framework; path = System/Library/Frameworks/CoreData.framework; sourceTree = SDKROOT; };
		9D4FACD018A6D0F500A49636 /* Avenir Next.ttc */ = {isa = PBXFileReference; lastKnownFileType = file; path = "Avenir Next.ttc"; sourceTree = "<group>"; };
		9D4FACD318A6E8C600A49636 /* FLGlobalHelper.h */ = {isa = PBXFileReference; fileEncoding = 4; lastKnownFileType = sourcecode.c.h; path = FLGlobalHelper.h; sourceTree = "<group>"; };
		9D4FACD418A6E8C600A49636 /* FLGlobalHelper.m */ = {isa = PBXFileReference; fileEncoding = 4; lastKnownFileType = sourcecode.c.objc; path = FLGlobalHelper.m; sourceTree = "<group>"; };
		9D4FACDA18A6F5B000A49636 /* FLChallengeCell.h */ = {isa = PBXFileReference; fileEncoding = 4; lastKnownFileType = sourcecode.c.h; path = FLChallengeCell.h; sourceTree = "<group>"; };
		9D4FACDB18A6F5B000A49636 /* FLChallengeCell.m */ = {isa = PBXFileReference; fileEncoding = 4; lastKnownFileType = sourcecode.c.objc; path = FLChallengeCell.m; sourceTree = "<group>"; };
		9D4FACDD18A6F67400A49636 /* FLDataModelCategory.h */ = {isa = PBXFileReference; fileEncoding = 4; lastKnownFileType = sourcecode.c.h; path = FLDataModelCategory.h; sourceTree = "<group>"; };
		9D4FACDE18A6F67400A49636 /* FLDataModelCategory.m */ = {isa = PBXFileReference; fileEncoding = 4; lastKnownFileType = sourcecode.c.objc; path = FLDataModelCategory.m; sourceTree = "<group>"; };
		9DBD922718A700F30050F56A /* FLNewChallengeViewController.h */ = {isa = PBXFileReference; fileEncoding = 4; lastKnownFileType = sourcecode.c.h; path = FLNewChallengeViewController.h; sourceTree = "<group>"; };
		9DBD922818A700F30050F56A /* FLNewChallengeViewController.m */ = {isa = PBXFileReference; fileEncoding = 4; lastKnownFileType = sourcecode.c.objc; path = FLNewChallengeViewController.m; sourceTree = "<group>"; };
		9DBD922A18A7010E0050F56A /* FLNewChallengeView.xib */ = {isa = PBXFileReference; fileEncoding = 4; lastKnownFileType = file.xib; path = FLNewChallengeView.xib; sourceTree = "<group>"; };
		9DFECEFD18A5DDFC00BD49DC /* Fuel.app */ = {isa = PBXFileReference; explicitFileType = wrapper.application; includeInIndex = 0; path = Fuel.app; sourceTree = BUILT_PRODUCTS_DIR; };
		9DFECF0018A5DDFC00BD49DC /* Foundation.framework */ = {isa = PBXFileReference; lastKnownFileType = wrapper.framework; name = Foundation.framework; path = System/Library/Frameworks/Foundation.framework; sourceTree = SDKROOT; };
		9DFECF0218A5DDFC00BD49DC /* CoreGraphics.framework */ = {isa = PBXFileReference; lastKnownFileType = wrapper.framework; name = CoreGraphics.framework; path = System/Library/Frameworks/CoreGraphics.framework; sourceTree = SDKROOT; };
		9DFECF0418A5DDFC00BD49DC /* UIKit.framework */ = {isa = PBXFileReference; lastKnownFileType = wrapper.framework; name = UIKit.framework; path = System/Library/Frameworks/UIKit.framework; sourceTree = SDKROOT; };
		9DFECF0818A5DDFC00BD49DC /* Fuel-Info.plist */ = {isa = PBXFileReference; lastKnownFileType = text.plist.xml; path = "Fuel-Info.plist"; sourceTree = "<group>"; };
		9DFECF0A18A5DDFC00BD49DC /* en */ = {isa = PBXFileReference; lastKnownFileType = text.plist.strings; name = en; path = en.lproj/InfoPlist.strings; sourceTree = "<group>"; };
		9DFECF0C18A5DDFC00BD49DC /* main.m */ = {isa = PBXFileReference; lastKnownFileType = sourcecode.c.objc; path = main.m; sourceTree = "<group>"; };
		9DFECF0E18A5DDFC00BD49DC /* Fuel-Prefix.pch */ = {isa = PBXFileReference; lastKnownFileType = sourcecode.c.h; path = "Fuel-Prefix.pch"; sourceTree = "<group>"; };
		9DFECF0F18A5DDFC00BD49DC /* FLAppDelegate.h */ = {isa = PBXFileReference; lastKnownFileType = sourcecode.c.h; path = FLAppDelegate.h; sourceTree = "<group>"; };
		9DFECF1018A5DDFC00BD49DC /* FLAppDelegate.m */ = {isa = PBXFileReference; lastKnownFileType = sourcecode.c.objc; path = FLAppDelegate.m; sourceTree = "<group>"; };
		9DFECF1318A5DDFC00BD49DC /* Base */ = {isa = PBXFileReference; lastKnownFileType = file.storyboard; name = Base; path = Base.lproj/Main.storyboard; sourceTree = "<group>"; };
		9DFECF1518A5DDFC00BD49DC /* FLCurrentChallengeViewController.h */ = {isa = PBXFileReference; lastKnownFileType = sourcecode.c.h; path = FLCurrentChallengeViewController.h; sourceTree = "<group>"; };
		9DFECF1618A5DDFC00BD49DC /* FLCurrentChallengeViewController.m */ = {isa = PBXFileReference; lastKnownFileType = sourcecode.c.objc; path = FLCurrentChallengeViewController.m; sourceTree = "<group>"; };
		9DFECF1818A5DDFC00BD49DC /* Images.xcassets */ = {isa = PBXFileReference; lastKnownFileType = folder.assetcatalog; path = Images.xcassets; sourceTree = "<group>"; };
		9DFECF1E18A5DDFC00BD49DC /* FuelTests.xctest */ = {isa = PBXFileReference; explicitFileType = wrapper.cfbundle; includeInIndex = 0; path = FuelTests.xctest; sourceTree = BUILT_PRODUCTS_DIR; };
		9DFECF1F18A5DDFC00BD49DC /* XCTest.framework */ = {isa = PBXFileReference; lastKnownFileType = wrapper.framework; name = XCTest.framework; path = Library/Frameworks/XCTest.framework; sourceTree = DEVELOPER_DIR; };
		9DFECF2718A5DDFC00BD49DC /* FuelTests-Info.plist */ = {isa = PBXFileReference; lastKnownFileType = text.plist.xml; path = "FuelTests-Info.plist"; sourceTree = "<group>"; };
		9DFECF2918A5DDFC00BD49DC /* en */ = {isa = PBXFileReference; lastKnownFileType = text.plist.strings; name = en; path = en.lproj/InfoPlist.strings; sourceTree = "<group>"; };
		9DFECF2B18A5DDFC00BD49DC /* FuelTests.m */ = {isa = PBXFileReference; lastKnownFileType = sourcecode.c.objc; path = FuelTests.m; sourceTree = "<group>"; };
		C52001D6FB044EA0851B45FF /* libPods.a */ = {isa = PBXFileReference; explicitFileType = archive.ar; includeInIndex = 0; path = libPods.a; sourceTree = BUILT_PRODUCTS_DIR; };
/* End PBXFileReference section */

/* Begin PBXFrameworksBuildPhase section */
		9DFECEFA18A5DDFC00BD49DC /* Frameworks */ = {
			isa = PBXFrameworksBuildPhase;
			buildActionMask = 2147483647;
			files = (
				1790D27518A6E02800D084E4 /* MobileCoreServices.framework in Frameworks */,
				1790D27318A6E01B00D084E4 /* AssetsLibrary.framework in Frameworks */,
				1790D27118A6E01700D084E4 /* MediaPlayer.framework in Frameworks */,
				9D4FACCF18A6CBF600A49636 /* CoreData.framework in Frameworks */,
				9DFECF0318A5DDFC00BD49DC /* CoreGraphics.framework in Frameworks */,
				9DFECF0518A5DDFC00BD49DC /* UIKit.framework in Frameworks */,
				9DFECF0118A5DDFC00BD49DC /* Foundation.framework in Frameworks */,
				F70C36618BD341BBABA269C8 /* libPods.a in Frameworks */,
			);
			runOnlyForDeploymentPostprocessing = 0;
		};
		9DFECF1B18A5DDFC00BD49DC /* Frameworks */ = {
			isa = PBXFrameworksBuildPhase;
			buildActionMask = 2147483647;
			files = (
				9DFECF2018A5DDFC00BD49DC /* XCTest.framework in Frameworks */,
				9DFECF2218A5DDFC00BD49DC /* UIKit.framework in Frameworks */,
				9DFECF2118A5DDFC00BD49DC /* Foundation.framework in Frameworks */,
			);
			runOnlyForDeploymentPostprocessing = 0;
		};
/* End PBXFrameworksBuildPhase section */

/* Begin PBXGroup section */
		9D2DB90B18A713610097917F /* Detail Challenge */ = {
			isa = PBXGroup;
			children = (
				9D2DB90818A7135B0097917F /* FLDetailChallengeViewController.h */,
				9D2DB90918A7135B0097917F /* FLDetailChallengeViewController.m */,
			);
			name = "Detail Challenge";
			sourceTree = "<group>";
		};
		9D4FACB518A6B95E00A49636 /* Data Model */ = {
			isa = PBXGroup;
			children = (
				9D4FACB618A6B9BF00A49636 /* MainModel.xcdatamodeld */,
				1790D28818A7129300D084E4 /* FLChallenge.h */,
				1790D28918A7129300D084E4 /* FLChallenge.m */,
				1790D28518A7129300D084E4 /* FLMotivatorText.h */,
				1790D28618A7129300D084E4 /* FLMotivatorText.m */,
				1790D28218A7129300D084E4 /* FLMotivatorImage.h */,
				1790D28318A7129300D084E4 /* FLMotivatorImage.m */,
				1790D27F18A7129300D084E4 /* FLChallengeUpdate.h */,
				1790D28018A7129300D084E4 /* FLChallengeUpdate.m */,
				1790D27C18A7129200D084E4 /* FLMotivator.h */,
				1790D27D18A7129200D084E4 /* FLMotivator.m */,
				1790D27918A7129200D084E4 /* FLMotivatorVideo.h */,
				1790D27A18A7129200D084E4 /* FLMotivatorVideo.m */,
				9D4FACDD18A6F67400A49636 /* FLDataModelCategory.h */,
				9D4FACDE18A6F67400A49636 /* FLDataModelCategory.m */,
			);
			name = "Data Model";
			sourceTree = "<group>";
		};
		9D4FACD218A6E83300A49636 /* Back end */ = {
			isa = PBXGroup;
			children = (
				9D4FACD318A6E8C600A49636 /* FLGlobalHelper.h */,
				9D4FACD418A6E8C600A49636 /* FLGlobalHelper.m */,
			);
			name = "Back end";
			sourceTree = "<group>";
		};
		9D4FACD918A6F58D00A49636 /* Current Challenge */ = {
			isa = PBXGroup;
			children = (
				9DFECF1518A5DDFC00BD49DC /* FLCurrentChallengeViewController.h */,
				9DFECF1618A5DDFC00BD49DC /* FLCurrentChallengeViewController.m */,
				9D4FACDA18A6F5B000A49636 /* FLChallengeCell.h */,
				9D4FACDB18A6F5B000A49636 /* FLChallengeCell.m */,
			);
			name = "Current Challenge";
			sourceTree = "<group>";
		};
		9DBD922618A700D60050F56A /* New Challenge */ = {
			isa = PBXGroup;
			children = (
				9DBD922718A700F30050F56A /* FLNewChallengeViewController.h */,
				9DBD922818A700F30050F56A /* FLNewChallengeViewController.m */,
				9DBD922A18A7010E0050F56A /* FLNewChallengeView.xib */,
			);
			name = "New Challenge";
			sourceTree = "<group>";
		};
		9DFECEF418A5DDFC00BD49DC = {
			isa = PBXGroup;
			children = (
				9DFECF0618A5DDFC00BD49DC /* Fuel */,
				9DFECF2518A5DDFC00BD49DC /* FuelTests */,
				9DFECEFF18A5DDFC00BD49DC /* Frameworks */,
				9DFECEFE18A5DDFC00BD49DC /* Products */,
				60A683BC8AC34A84AEB55D57 /* Pods.xcconfig */,
			);
			sourceTree = "<group>";
		};
		9DFECEFE18A5DDFC00BD49DC /* Products */ = {
			isa = PBXGroup;
			children = (
				9DFECEFD18A5DDFC00BD49DC /* Fuel.app */,
				9DFECF1E18A5DDFC00BD49DC /* FuelTests.xctest */,
			);
			name = Products;
			sourceTree = "<group>";
		};
		9DFECEFF18A5DDFC00BD49DC /* Frameworks */ = {
			isa = PBXGroup;
			children = (
				1790D27418A6E02800D084E4 /* MobileCoreServices.framework */,
				1790D27218A6E01B00D084E4 /* AssetsLibrary.framework */,
				1790D27018A6E01700D084E4 /* MediaPlayer.framework */,
				9D4FACCE18A6CBF600A49636 /* CoreData.framework */,
				9DFECF0018A5DDFC00BD49DC /* Foundation.framework */,
				9DFECF0218A5DDFC00BD49DC /* CoreGraphics.framework */,
				9DFECF0418A5DDFC00BD49DC /* UIKit.framework */,
				9DFECF1F18A5DDFC00BD49DC /* XCTest.framework */,
				C52001D6FB044EA0851B45FF /* libPods.a */,
			);
			name = Frameworks;
			sourceTree = "<group>";
		};
		9DFECF0618A5DDFC00BD49DC /* Fuel */ = {
			isa = PBXGroup;
			children = (
				1790D26D18A6DAC000D084E4 /* FLCreateFuelViewController.h */,
				1790D26E18A6DAC000D084E4 /* FLCreateFuelViewController.m */,
				9DFECF0F18A5DDFC00BD49DC /* FLAppDelegate.h */,
				9DFECF1018A5DDFC00BD49DC /* FLAppDelegate.m */,
				9D4FACCB18A6CBC300A49636 /* FLGenericViewController.h */,
				9D4FACCC18A6CBC300A49636 /* FLGenericViewController.m */,
				9DFECF1218A5DDFC00BD49DC /* Main.storyboard */,
				9DBD922618A700D60050F56A /* New Challenge */,
				9D2DB90B18A713610097917F /* Detail Challenge */,
				9D4FACD918A6F58D00A49636 /* Current Challenge */,
				9D4FACD218A6E83300A49636 /* Back end */,
				9D4FACB518A6B95E00A49636 /* Data Model */,
				9DFECF1818A5DDFC00BD49DC /* Images.xcassets */,
				9DFECF0718A5DDFC00BD49DC /* Supporting Files */,
			);
			path = Fuel;
			sourceTree = "<group>";
		};
		9DFECF0718A5DDFC00BD49DC /* Supporting Files */ = {
			isa = PBXGroup;
			children = (
				9D4FACD018A6D0F500A49636 /* Avenir Next.ttc */,
				9DFECF0818A5DDFC00BD49DC /* Fuel-Info.plist */,
				9DFECF0918A5DDFC00BD49DC /* InfoPlist.strings */,
				9DFECF0C18A5DDFC00BD49DC /* main.m */,
				9DFECF0E18A5DDFC00BD49DC /* Fuel-Prefix.pch */,
			);
			name = "Supporting Files";
			sourceTree = "<group>";
		};
		9DFECF2518A5DDFC00BD49DC /* FuelTests */ = {
			isa = PBXGroup;
			children = (
				9DFECF2B18A5DDFC00BD49DC /* FuelTests.m */,
				9DFECF2618A5DDFC00BD49DC /* Supporting Files */,
			);
			path = FuelTests;
			sourceTree = "<group>";
		};
		9DFECF2618A5DDFC00BD49DC /* Supporting Files */ = {
			isa = PBXGroup;
			children = (
				9DFECF2718A5DDFC00BD49DC /* FuelTests-Info.plist */,
				9DFECF2818A5DDFC00BD49DC /* InfoPlist.strings */,
			);
			name = "Supporting Files";
			sourceTree = "<group>";
		};
/* End PBXGroup section */

/* Begin PBXNativeTarget section */
		9DFECEFC18A5DDFC00BD49DC /* Fuel */ = {
			isa = PBXNativeTarget;
			buildConfigurationList = 9DFECF2F18A5DDFC00BD49DC /* Build configuration list for PBXNativeTarget "Fuel" */;
			buildPhases = (
				9630517CB5374F30BBCF3F09 /* Check Pods Manifest.lock */,
				9DFECEF918A5DDFC00BD49DC /* Sources */,
				9DFECEFA18A5DDFC00BD49DC /* Frameworks */,
				9DFECEFB18A5DDFC00BD49DC /* Resources */,
				3C611149C6BB43D2B27ADEC8 /* Copy Pods Resources */,
			);
			buildRules = (
			);
			dependencies = (
			);
			name = Fuel;
			productName = Fuel;
			productReference = 9DFECEFD18A5DDFC00BD49DC /* Fuel.app */;
			productType = "com.apple.product-type.application";
		};
		9DFECF1D18A5DDFC00BD49DC /* FuelTests */ = {
			isa = PBXNativeTarget;
			buildConfigurationList = 9DFECF3218A5DDFC00BD49DC /* Build configuration list for PBXNativeTarget "FuelTests" */;
			buildPhases = (
				9DFECF1A18A5DDFC00BD49DC /* Sources */,
				9DFECF1B18A5DDFC00BD49DC /* Frameworks */,
				9DFECF1C18A5DDFC00BD49DC /* Resources */,
			);
			buildRules = (
			);
			dependencies = (
				9DFECF2418A5DDFC00BD49DC /* PBXTargetDependency */,
			);
			name = FuelTests;
			productName = FuelTests;
			productReference = 9DFECF1E18A5DDFC00BD49DC /* FuelTests.xctest */;
			productType = "com.apple.product-type.bundle.unit-test";
		};
/* End PBXNativeTarget section */

/* Begin PBXProject section */
		9DFECEF518A5DDFC00BD49DC /* Project object */ = {
			isa = PBXProject;
			attributes = {
				CLASSPREFIX = FL;
				LastUpgradeCheck = 0500;
				ORGANIZATIONNAME = Fuel;
				TargetAttributes = {
					9DFECEFC18A5DDFC00BD49DC = {
						DevelopmentTeam = M6HLH3KVN2;
					};
					9DFECF1D18A5DDFC00BD49DC = {
						TestTargetID = 9DFECEFC18A5DDFC00BD49DC;
					};
				};
			};
			buildConfigurationList = 9DFECEF818A5DDFC00BD49DC /* Build configuration list for PBXProject "Fuel" */;
			compatibilityVersion = "Xcode 3.2";
			developmentRegion = English;
			hasScannedForEncodings = 0;
			knownRegions = (
				en,
				Base,
			);
			mainGroup = 9DFECEF418A5DDFC00BD49DC;
			productRefGroup = 9DFECEFE18A5DDFC00BD49DC /* Products */;
			projectDirPath = "";
			projectRoot = "";
			targets = (
				9DFECEFC18A5DDFC00BD49DC /* Fuel */,
				9DFECF1D18A5DDFC00BD49DC /* FuelTests */,
			);
		};
/* End PBXProject section */

/* Begin PBXResourcesBuildPhase section */
		9DFECEFB18A5DDFC00BD49DC /* Resources */ = {
			isa = PBXResourcesBuildPhase;
			buildActionMask = 2147483647;
			files = (
				9D4FACD118A6D0F500A49636 /* Avenir Next.ttc in Resources */,
				9DFECF1918A5DDFC00BD49DC /* Images.xcassets in Resources */,
				9DFECF0B18A5DDFC00BD49DC /* InfoPlist.strings in Resources */,
				9DBD922B18A7010E0050F56A /* FLNewChallengeView.xib in Resources */,
				9DFECF1418A5DDFC00BD49DC /* Main.storyboard in Resources */,
			);
			runOnlyForDeploymentPostprocessing = 0;
		};
		9DFECF1C18A5DDFC00BD49DC /* Resources */ = {
			isa = PBXResourcesBuildPhase;
			buildActionMask = 2147483647;
			files = (
				9DFECF2A18A5DDFC00BD49DC /* InfoPlist.strings in Resources */,
			);
			runOnlyForDeploymentPostprocessing = 0;
		};
/* End PBXResourcesBuildPhase section */

/* Begin PBXShellScriptBuildPhase section */
		3C611149C6BB43D2B27ADEC8 /* Copy Pods Resources */ = {
			isa = PBXShellScriptBuildPhase;
			buildActionMask = 2147483647;
			files = (
			);
			inputPaths = (
			);
			name = "Copy Pods Resources";
			outputPaths = (
			);
			runOnlyForDeploymentPostprocessing = 0;
			shellPath = /bin/sh;
			shellScript = "\"${SRCROOT}/Pods/Pods-resources.sh\"\n";
			showEnvVarsInLog = 0;
		};
		9630517CB5374F30BBCF3F09 /* Check Pods Manifest.lock */ = {
			isa = PBXShellScriptBuildPhase;
			buildActionMask = 2147483647;
			files = (
			);
			inputPaths = (
			);
			name = "Check Pods Manifest.lock";
			outputPaths = (
			);
			runOnlyForDeploymentPostprocessing = 0;
			shellPath = /bin/sh;
			shellScript = "diff \"${PODS_ROOT}/../Podfile.lock\" \"${PODS_ROOT}/Manifest.lock\" > /dev/null\nif [[ $? != 0 ]] ; then\n    cat << EOM\nerror: The sandbox is not in sync with the Podfile.lock. Run 'pod install' or update your CocoaPods installation.\nEOM\n    exit 1\nfi\n";
			showEnvVarsInLog = 0;
		};
/* End PBXShellScriptBuildPhase section */

/* Begin PBXSourcesBuildPhase section */
		9DFECEF918A5DDFC00BD49DC /* Sources */ = {
			isa = PBXSourcesBuildPhase;
			buildActionMask = 2147483647;
			files = (
				9D4FACB818A6B9BF00A49636 /* MainModel.xcdatamodeld in Sources */,
				9D4FACDF18A6F67400A49636 /* FLDataModelCategory.m in Sources */,
				1790D26F18A6DAC000D084E4 /* FLCreateFuelViewController.m in Sources */,
				9DBD922918A700F30050F56A /* FLNewChallengeViewController.m in Sources */,
				9D4FACDC18A6F5B000A49636 /* FLChallengeCell.m in Sources */,
				1790D28118A7129300D084E4 /* FLChallengeUpdate.m in Sources */,
				9D2DB90A18A7135B0097917F /* FLDetailChallengeViewController.m in Sources */,
				1790D28418A7129300D084E4 /* FLMotivatorImage.m in Sources */,
				1790D28718A7129300D084E4 /* FLMotivatorText.m in Sources */,
				9DFECF1118A5DDFC00BD49DC /* FLAppDelegate.m in Sources */,
				9D4FACCD18A6CBC300A49636 /* FLGenericViewController.m in Sources */,
				9D4FACD518A6E8C600A49636 /* FLGlobalHelper.m in Sources */,
				1790D27B18A7129200D084E4 /* FLMotivatorVideo.m in Sources */,
				9DFECF0D18A5DDFC00BD49DC /* main.m in Sources */,
				1790D28A18A7129300D084E4 /* FLChallenge.m in Sources */,
				9DFECF1718A5DDFC00BD49DC /* FLCurrentChallengeViewController.m in Sources */,
				1790D27E18A7129200D084E4 /* FLMotivator.m in Sources */,
			);
			runOnlyForDeploymentPostprocessing = 0;
		};
		9DFECF1A18A5DDFC00BD49DC /* Sources */ = {
			isa = PBXSourcesBuildPhase;
			buildActionMask = 2147483647;
			files = (
				9DFECF2C18A5DDFC00BD49DC /* FuelTests.m in Sources */,
			);
			runOnlyForDeploymentPostprocessing = 0;
		};
/* End PBXSourcesBuildPhase section */

/* Begin PBXTargetDependency section */
		9DFECF2418A5DDFC00BD49DC /* PBXTargetDependency */ = {
			isa = PBXTargetDependency;
			target = 9DFECEFC18A5DDFC00BD49DC /* Fuel */;
			targetProxy = 9DFECF2318A5DDFC00BD49DC /* PBXContainerItemProxy */;
		};
/* End PBXTargetDependency section */

/* Begin PBXVariantGroup section */
		9DFECF0918A5DDFC00BD49DC /* InfoPlist.strings */ = {
			isa = PBXVariantGroup;
			children = (
				9DFECF0A18A5DDFC00BD49DC /* en */,
			);
			name = InfoPlist.strings;
			sourceTree = "<group>";
		};
		9DFECF1218A5DDFC00BD49DC /* Main.storyboard */ = {
			isa = PBXVariantGroup;
			children = (
				9DFECF1318A5DDFC00BD49DC /* Base */,
			);
			name = Main.storyboard;
			sourceTree = "<group>";
		};
		9DFECF2818A5DDFC00BD49DC /* InfoPlist.strings */ = {
			isa = PBXVariantGroup;
			children = (
				9DFECF2918A5DDFC00BD49DC /* en */,
			);
			name = InfoPlist.strings;
			sourceTree = "<group>";
		};
/* End PBXVariantGroup section */

/* Begin XCBuildConfiguration section */
		9DFECF2D18A5DDFC00BD49DC /* Debug */ = {
			isa = XCBuildConfiguration;
			buildSettings = {
				ALWAYS_SEARCH_USER_PATHS = NO;
				ARCHS = "$(ARCHS_STANDARD_INCLUDING_64_BIT)";
				CLANG_CXX_LANGUAGE_STANDARD = "gnu++0x";
				CLANG_CXX_LIBRARY = "libc++";
				CLANG_ENABLE_MODULES = YES;
				CLANG_ENABLE_OBJC_ARC = YES;
				CLANG_WARN_BOOL_CONVERSION = YES;
				CLANG_WARN_CONSTANT_CONVERSION = YES;
				CLANG_WARN_DIRECT_OBJC_ISA_USAGE = YES_ERROR;
				CLANG_WARN_EMPTY_BODY = YES;
				CLANG_WARN_ENUM_CONVERSION = YES;
				CLANG_WARN_INT_CONVERSION = YES;
				CLANG_WARN_OBJC_ROOT_CLASS = YES_ERROR;
				CLANG_WARN__DUPLICATE_METHOD_MATCH = YES;
				"CODE_SIGN_IDENTITY[sdk=iphoneos*]" = "iPhone Developer";
				COPY_PHASE_STRIP = NO;
				GCC_C_LANGUAGE_STANDARD = gnu99;
				GCC_DYNAMIC_NO_PIC = NO;
				GCC_OPTIMIZATION_LEVEL = 0;
				GCC_PREPROCESSOR_DEFINITIONS = (
					"DEBUG=1",
					"$(inherited)",
				);
				GCC_SYMBOLS_PRIVATE_EXTERN = NO;
				GCC_WARN_64_TO_32_BIT_CONVERSION = YES;
				GCC_WARN_ABOUT_RETURN_TYPE = YES_ERROR;
				GCC_WARN_UNDECLARED_SELECTOR = YES;
				GCC_WARN_UNINITIALIZED_AUTOS = YES;
				GCC_WARN_UNUSED_FUNCTION = YES;
				GCC_WARN_UNUSED_VARIABLE = YES;
				IPHONEOS_DEPLOYMENT_TARGET = 7.0;
				ONLY_ACTIVE_ARCH = YES;
				SDKROOT = iphoneos;
			};
			name = Debug;
		};
		9DFECF2E18A5DDFC00BD49DC /* Release */ = {
			isa = XCBuildConfiguration;
			buildSettings = {
				ALWAYS_SEARCH_USER_PATHS = NO;
				ARCHS = "$(ARCHS_STANDARD_INCLUDING_64_BIT)";
				CLANG_CXX_LANGUAGE_STANDARD = "gnu++0x";
				CLANG_CXX_LIBRARY = "libc++";
				CLANG_ENABLE_MODULES = YES;
				CLANG_ENABLE_OBJC_ARC = YES;
				CLANG_WARN_BOOL_CONVERSION = YES;
				CLANG_WARN_CONSTANT_CONVERSION = YES;
				CLANG_WARN_DIRECT_OBJC_ISA_USAGE = YES_ERROR;
				CLANG_WARN_EMPTY_BODY = YES;
				CLANG_WARN_ENUM_CONVERSION = YES;
				CLANG_WARN_INT_CONVERSION = YES;
				CLANG_WARN_OBJC_ROOT_CLASS = YES_ERROR;
				CLANG_WARN__DUPLICATE_METHOD_MATCH = YES;
				"CODE_SIGN_IDENTITY[sdk=iphoneos*]" = "iPhone Developer";
				COPY_PHASE_STRIP = YES;
				ENABLE_NS_ASSERTIONS = NO;
				GCC_C_LANGUAGE_STANDARD = gnu99;
				GCC_WARN_64_TO_32_BIT_CONVERSION = YES;
				GCC_WARN_ABOUT_RETURN_TYPE = YES_ERROR;
				GCC_WARN_UNDECLARED_SELECTOR = YES;
				GCC_WARN_UNINITIALIZED_AUTOS = YES;
				GCC_WARN_UNUSED_FUNCTION = YES;
				GCC_WARN_UNUSED_VARIABLE = YES;
				IPHONEOS_DEPLOYMENT_TARGET = 7.0;
				SDKROOT = iphoneos;
				VALIDATE_PRODUCT = YES;
			};
			name = Release;
		};
		9DFECF3018A5DDFC00BD49DC /* Debug */ = {
			isa = XCBuildConfiguration;
			baseConfigurationReference = 60A683BC8AC34A84AEB55D57 /* Pods.xcconfig */;
			buildSettings = {
				ASSETCATALOG_COMPILER_APPICON_NAME = AppIcon;
				ASSETCATALOG_COMPILER_LAUNCHIMAGE_NAME = LaunchImage;
				CODE_SIGN_IDENTITY = "iPhone Developer";
				"CODE_SIGN_IDENTITY[sdk=iphoneos*]" = "iPhone Developer";
				GCC_PRECOMPILE_PREFIX_HEADER = YES;
				GCC_PREFIX_HEADER = "Fuel/Fuel-Prefix.pch";
				INFOPLIST_FILE = "Fuel/Fuel-Info.plist";
				PRODUCT_NAME = "$(TARGET_NAME)";
				PROVISIONING_PROFILE = "";
				WRAPPER_EXTENSION = app;
			};
			name = Debug;
		};
		9DFECF3118A5DDFC00BD49DC /* Release */ = {
			isa = XCBuildConfiguration;
			baseConfigurationReference = 60A683BC8AC34A84AEB55D57 /* Pods.xcconfig */;
			buildSettings = {
				ASSETCATALOG_COMPILER_APPICON_NAME = AppIcon;
				ASSETCATALOG_COMPILER_LAUNCHIMAGE_NAME = LaunchImage;
				CODE_SIGN_IDENTITY = "iPhone Developer";
				"CODE_SIGN_IDENTITY[sdk=iphoneos*]" = "iPhone Developer";
				GCC_PRECOMPILE_PREFIX_HEADER = YES;
				GCC_PREFIX_HEADER = "Fuel/Fuel-Prefix.pch";
				INFOPLIST_FILE = "Fuel/Fuel-Info.plist";
				PRODUCT_NAME = "$(TARGET_NAME)";
				PROVISIONING_PROFILE = "";
				WRAPPER_EXTENSION = app;
			};
			name = Release;
		};
		9DFECF3318A5DDFC00BD49DC /* Debug */ = {
			isa = XCBuildConfiguration;
			buildSettings = {
				ARCHS = "$(ARCHS_STANDARD_INCLUDING_64_BIT)";
				BUNDLE_LOADER = "$(BUILT_PRODUCTS_DIR)/Fuel.app/Fuel";
				FRAMEWORK_SEARCH_PATHS = (
					"$(SDKROOT)/Developer/Library/Frameworks",
					"$(inherited)",
					"$(DEVELOPER_FRAMEWORKS_DIR)",
				);
				GCC_PRECOMPILE_PREFIX_HEADER = YES;
				GCC_PREFIX_HEADER = "Fuel/Fuel-Prefix.pch";
				GCC_PREPROCESSOR_DEFINITIONS = (
					"DEBUG=1",
					"$(inherited)",
				);
				INFOPLIST_FILE = "FuelTests/FuelTests-Info.plist";
				PRODUCT_NAME = "$(TARGET_NAME)";
				TEST_HOST = "$(BUNDLE_LOADER)";
				WRAPPER_EXTENSION = xctest;
			};
			name = Debug;
		};
		9DFECF3418A5DDFC00BD49DC /* Release */ = {
			isa = XCBuildConfiguration;
			buildSettings = {
				ARCHS = "$(ARCHS_STANDARD_INCLUDING_64_BIT)";
				BUNDLE_LOADER = "$(BUILT_PRODUCTS_DIR)/Fuel.app/Fuel";
				FRAMEWORK_SEARCH_PATHS = (
					"$(SDKROOT)/Developer/Library/Frameworks",
					"$(inherited)",
					"$(DEVELOPER_FRAMEWORKS_DIR)",
				);
				GCC_PRECOMPILE_PREFIX_HEADER = YES;
				GCC_PREFIX_HEADER = "Fuel/Fuel-Prefix.pch";
				INFOPLIST_FILE = "FuelTests/FuelTests-Info.plist";
				PRODUCT_NAME = "$(TARGET_NAME)";
				TEST_HOST = "$(BUNDLE_LOADER)";
				WRAPPER_EXTENSION = xctest;
			};
			name = Release;
		};
/* End XCBuildConfiguration section */

/* Begin XCConfigurationList section */
		9DFECEF818A5DDFC00BD49DC /* Build configuration list for PBXProject "Fuel" */ = {
			isa = XCConfigurationList;
			buildConfigurations = (
				9DFECF2D18A5DDFC00BD49DC /* Debug */,
				9DFECF2E18A5DDFC00BD49DC /* Release */,
			);
			defaultConfigurationIsVisible = 0;
			defaultConfigurationName = Release;
		};
		9DFECF2F18A5DDFC00BD49DC /* Build configuration list for PBXNativeTarget "Fuel" */ = {
			isa = XCConfigurationList;
			buildConfigurations = (
				9DFECF3018A5DDFC00BD49DC /* Debug */,
				9DFECF3118A5DDFC00BD49DC /* Release */,
			);
			defaultConfigurationIsVisible = 0;
			defaultConfigurationName = Release;
		};
		9DFECF3218A5DDFC00BD49DC /* Build configuration list for PBXNativeTarget "FuelTests" */ = {
			isa = XCConfigurationList;
			buildConfigurations = (
				9DFECF3318A5DDFC00BD49DC /* Debug */,
				9DFECF3418A5DDFC00BD49DC /* Release */,
			);
			defaultConfigurationIsVisible = 0;
			defaultConfigurationName = Release;
		};
/* End XCConfigurationList section */

/* Begin XCVersionGroup section */
		9D4FACB618A6B9BF00A49636 /* MainModel.xcdatamodeld */ = {
			isa = XCVersionGroup;
			children = (
				9D4FACB718A6B9BF00A49636 /* MainModel.xcdatamodel */,
			);
			currentVersion = 9D4FACB718A6B9BF00A49636 /* MainModel.xcdatamodel */;
			path = MainModel.xcdatamodeld;
			sourceTree = "<group>";
			versionGroupType = wrapper.xcdatamodel;
		};
/* End XCVersionGroup section */
	};
	rootObject = 9DFECEF518A5DDFC00BD49DC /* Project object */;
}
